
Microsoft Visual Studio Solution File, Format Version 12.00
# Visual Studio Version 16
VisualStudioVersion = 16.0.31321.278
MinimumVisualStudioVersion = 10.0.40219.1
Project("{D2ABAB84-BF74-430A-B69E-9DC6D40DDA17}") = "mini_project_3", "mini_project_3\mini_project_3.dwproj", "{D3E1737E-88CA-448A-A628-80CED8F4FF5C}"
EndProject
Global
	GlobalSection(SolutionConfigurationPlatforms) = preSolution
		Development|Default = Development|Default
	EndGlobalSection
	GlobalSection(ProjectConfigurationPlatforms) = postSolution
		{D3E1737E-88CA-448A-A628-80CED8F4FF5C}.Development|Default.ActiveCfg = Development
		{D3E1737E-88CA-448A-A628-80CED8F4FF5C}.Development|Default.Build.0 = Development
		{D3E1737E-88CA-448A-A628-80CED8F4FF5C}.Development|Default.Deploy.0 = Development
	EndGlobalSection
	GlobalSection(SolutionProperties) = preSolution
		HideSolutionNode = FALSE
	EndGlobalSection
	GlobalSection(ExtensibilityGlobals) = postSolution
		SolutionGuid = {E54D68AD-3987-4BCC-BE8B-6BC7AA278B56}
	EndGlobalSection
EndGlobal
